
Microsoft Visual Studio Solution File, Format Version 12.00
# Visual Studio Version 17
VisualStudioVersion = 17.11.35208.52
MinimumVisualStudioVersion = 10.0.40219.1
Project("{FAE04EC0-301F-11D3-BF4B-00C04F79EFBC}") = "azure-function", "azure-function.csproj", "{6DE10439-FA41-4EFD-B902-962CF8A40263}"
EndProject
Global
	GlobalSection(SolutionConfigurationPlatforms) = preSolution
		Debug|Any CPU = Debug|Any CPU
		Release|Any CPU = Release|Any CPU
	EndGlobalSection
	GlobalSection(ProjectConfigurationPlatforms) = postSolution
		{6DE10439-FA41-4EFD-B902-962CF8A40263}.Debug|Any CPU.ActiveCfg = Debug|Any CPU
		{6DE10439-FA41-4EFD-B902-962CF8A40263}.Debug|Any CPU.Build.0 = Debug|Any CPU
		{6DE10439-FA41-4EFD-B902-962CF8A40263}.Release|Any CPU.ActiveCfg = Release|Any CPU
		{6DE10439-FA41-4EFD-B902-962CF8A40263}.Release|Any CPU.Build.0 = Release|Any CPU
	EndGlobalSection
	GlobalSection(SolutionProperties) = preSolution
		HideSolutionNode = FALSE
	EndGlobalSection
	GlobalSection(ExtensibilityGlobals) = postSolution
		SolutionGuid = {C75ABB0A-F559-4AC4-A0F0-B150AB20E4E5}
	EndGlobalSection
EndGlobal
